
Microsoft Visual Studio Solution File, Format Version 12.00
# Visual Studio Version 17
VisualStudioVersion = 17.14.36623.8 d17.14
MinimumVisualStudioVersion = 10.0.40219.1
Project("{FAE04EC0-301F-11D3-BF4B-00C04F79EFBC}") = "Wideor_A23", "Wideor_A23.csproj", "{B2133456-F010-4D89-9130-E6BA620FA3AD}"
EndProject
Global
	GlobalSection(SolutionConfigurationPlatforms) = preSolution
		Debug|Any CPU = Debug|Any CPU
		Release|Any CPU = Release|Any CPU
	EndGlobalSection
	GlobalSection(ProjectConfigurationPlatforms) = postSolution
		{B2133456-F010-4D89-9130-E6BA620FA3AD}.Debug|Any CPU.ActiveCfg = Debug|Any CPU
		{B2133456-F010-4D89-9130-E6BA620FA3AD}.Debug|Any CPU.Build.0 = Debug|Any CPU
		{B2133456-F010-4D89-9130-E6BA620FA3AD}.Release|Any CPU.ActiveCfg = Release|Any CPU
		{B2133456-F010-4D89-9130-E6BA620FA3AD}.Release|Any CPU.Build.0 = Release|Any CPU
	EndGlobalSection
	GlobalSection(SolutionProperties) = preSolution
		HideSolutionNode = FALSE
	EndGlobalSection
	GlobalSection(ExtensibilityGlobals) = postSolution
		SolutionGuid = {583E0EB5-3E76-4B77-9895-29A4770B1305}
	EndGlobalSection
EndGlobal
